
Microsoft Visual Studio Solution File, Format Version 12.00
# Visual Studio Version 17
VisualStudioVersion = 17.1.32328.378
MinimumVisualStudioVersion = 10.0.40219.1
Project("{FAE04EC0-301F-11D3-BF4B-00C04F79EFBC}") = "SegmentList", "SegmentList\SegmentList.csproj", "{FC0B27AD-D8F4-4478-B35C-E4B8C1B483E8}"
EndProject
Global
	GlobalSection(SolutionConfigurationPlatforms) = preSolution
		Debug|Any CPU = Debug|Any CPU
		Release|Any CPU = Release|Any CPU
	EndGlobalSection
	GlobalSection(ProjectConfigurationPlatforms) = postSolution
		{FC0B27AD-D8F4-4478-B35C-E4B8C1B483E8}.Debug|Any CPU.ActiveCfg = Debug|Any CPU
		{FC0B27AD-D8F4-4478-B35C-E4B8C1B483E8}.Debug|Any CPU.Build.0 = Debug|Any CPU
		{FC0B27AD-D8F4-4478-B35C-E4B8C1B483E8}.Release|Any CPU.ActiveCfg = Release|Any CPU
		{FC0B27AD-D8F4-4478-B35C-E4B8C1B483E8}.Release|Any CPU.Build.0 = Release|Any CPU
	EndGlobalSection
	GlobalSection(SolutionProperties) = preSolution
		HideSolutionNode = FALSE
	EndGlobalSection
	GlobalSection(ExtensibilityGlobals) = postSolution
		SolutionGuid = {ABD4B49C-115C-4C22-BEAC-B3C05817C3A8}
	EndGlobalSection
EndGlobal
